
Microsoft Visual Studio Solution File, Format Version 12.00
# Visual Studio 14
VisualStudioVersion = 14.0.25420.1
MinimumVisualStudioVersion = 10.0.40219.1
Project("{FAE04EC0-301F-11D3-BF4B-00C04F79EFBC}") = "TaskParallel.Full", "TaskParallel\Full\TaskParallel.Full.csproj", "{D78F0942-7465-44E3-95EC-B60AC01938B8}"
EndProject
Project("{2150E333-8FDC-42A3-9474-1A3956D46DE8}") = "Solution Items", "Solution Items", "{C3AB3A6F-4D65-4E1C-B1F6-06105F7B9390}"
	ProjectSection(SolutionItems) = preProject
		LICENSE.TXT = LICENSE.TXT
		README.md = README.md
	EndProjectSection
EndProject
Project("{FAE04EC0-301F-11D3-BF4B-00C04F79EFBC}") = "TaskParallel.Tests.Full", "TaskParallel.Tests\Full\TaskParallel.Tests.Full.csproj", "{68E17BC4-A3EF-49CC-989D-6E471B60137E}"
EndProject
Global
	GlobalSection(SolutionConfigurationPlatforms) = preSolution
		Debug|Any CPU = Debug|Any CPU
		Release|Any CPU = Release|Any CPU
	EndGlobalSection
	GlobalSection(ProjectConfigurationPlatforms) = postSolution
		{D78F0942-7465-44E3-95EC-B60AC01938B8}.Debug|Any CPU.ActiveCfg = Debug|Any CPU
		{D78F0942-7465-44E3-95EC-B60AC01938B8}.Debug|Any CPU.Build.0 = Debug|Any CPU
		{D78F0942-7465-44E3-95EC-B60AC01938B8}.Release|Any CPU.ActiveCfg = Release|Any CPU
		{D78F0942-7465-44E3-95EC-B60AC01938B8}.Release|Any CPU.Build.0 = Release|Any CPU
		{68E17BC4-A3EF-49CC-989D-6E471B60137E}.Debug|Any CPU.ActiveCfg = Debug|Any CPU
		{68E17BC4-A3EF-49CC-989D-6E471B60137E}.Debug|Any CPU.Build.0 = Debug|Any CPU
		{68E17BC4-A3EF-49CC-989D-6E471B60137E}.Release|Any CPU.ActiveCfg = Release|Any CPU
		{68E17BC4-A3EF-49CC-989D-6E471B60137E}.Release|Any CPU.Build.0 = Release|Any CPU
	EndGlobalSection
	GlobalSection(SolutionProperties) = preSolution
		HideSolutionNode = FALSE
	EndGlobalSection
EndGlobal
