
Microsoft Visual Studio Solution File, Format Version 12.00
# Visual Studio 14
VisualStudioVersion = 14.0.25420.1
MinimumVisualStudioVersion = 10.0.40219.1
Project("{2150E333-8FDC-42A3-9474-1A3956D46DE8}") = "Solution Items", "Solution Items", "{C3AB3A6F-4D65-4E1C-B1F6-06105F7B9390}"
	ProjectSection(SolutionItems) = preProject
		LICENSE.TXT = LICENSE.TXT
		NuGet.Config = NuGet.Config
		README.md = README.md
	EndProjectSection
EndProject
Project("{FAE04EC0-301F-11D3-BF4B-00C04F79EFBC}") = "TaskParallel.Tests", "TaskParallel.Tests\TaskParallel.Tests.csproj", "{68E17BC4-A3EF-49CC-989D-6E471B60137E}"
EndProject
Project("{8BB2217D-0F2D-49D1-97BC-3654ED321F3B}") = "TaskParallel", "TaskParallel\TaskParallel.xproj", "{480B3F64-D3BE-43F3-8640-D7DC15A8C576}"
EndProject
Global
	GlobalSection(SolutionConfigurationPlatforms) = preSolution
		DBG40|Any CPU = DBG40|Any CPU
		Debug|Any CPU = Debug|Any CPU
		DIST40|Any CPU = DIST40|Any CPU
		Release|Any CPU = Release|Any CPU
		WINCE|Any CPU = WINCE|Any CPU
	EndGlobalSection
	GlobalSection(ProjectConfigurationPlatforms) = postSolution
		{68E17BC4-A3EF-49CC-989D-6E471B60137E}.DBG40|Any CPU.ActiveCfg = Debug|Any CPU
		{68E17BC4-A3EF-49CC-989D-6E471B60137E}.Debug|Any CPU.ActiveCfg = Debug|Any CPU
		{68E17BC4-A3EF-49CC-989D-6E471B60137E}.Debug|Any CPU.Build.0 = Debug|Any CPU
		{68E17BC4-A3EF-49CC-989D-6E471B60137E}.DIST40|Any CPU.ActiveCfg = Debug|Any CPU
		{68E17BC4-A3EF-49CC-989D-6E471B60137E}.Release|Any CPU.ActiveCfg = Release|Any CPU
		{68E17BC4-A3EF-49CC-989D-6E471B60137E}.Release|Any CPU.Build.0 = Release|Any CPU
		{68E17BC4-A3EF-49CC-989D-6E471B60137E}.WINCE|Any CPU.ActiveCfg = Debug|Any CPU
		{68E17BC4-A3EF-49CC-989D-6E471B60137E}.WINCE|Any CPU.Build.0 = Debug|Any CPU
		{480B3F64-D3BE-43F3-8640-D7DC15A8C576}.DBG40|Any CPU.ActiveCfg = Debug|Any CPU
		{480B3F64-D3BE-43F3-8640-D7DC15A8C576}.DBG40|Any CPU.Build.0 = Debug|Any CPU
		{480B3F64-D3BE-43F3-8640-D7DC15A8C576}.Debug|Any CPU.ActiveCfg = Debug|Any CPU
		{480B3F64-D3BE-43F3-8640-D7DC15A8C576}.Debug|Any CPU.Build.0 = Debug|Any CPU
		{480B3F64-D3BE-43F3-8640-D7DC15A8C576}.DIST40|Any CPU.ActiveCfg = Debug|Any CPU
		{480B3F64-D3BE-43F3-8640-D7DC15A8C576}.DIST40|Any CPU.Build.0 = Debug|Any CPU
		{480B3F64-D3BE-43F3-8640-D7DC15A8C576}.Release|Any CPU.ActiveCfg = Release|Any CPU
		{480B3F64-D3BE-43F3-8640-D7DC15A8C576}.Release|Any CPU.Build.0 = Release|Any CPU
		{480B3F64-D3BE-43F3-8640-D7DC15A8C576}.WINCE|Any CPU.ActiveCfg = Debug|Any CPU
		{480B3F64-D3BE-43F3-8640-D7DC15A8C576}.WINCE|Any CPU.Build.0 = Debug|Any CPU
	EndGlobalSection
	GlobalSection(SolutionProperties) = preSolution
		HideSolutionNode = FALSE
	EndGlobalSection
EndGlobal
